github.com/edsrzf/mmap-go v1.0.0 h1:CEBF7HpRnUCSJgGUb5h1Gm7e3VkmVDrR8lvWVLtrOFw=
github.com/edsrzf/mmap-go v1.0.0/go.mod h1:YO35OhQPt3KJa3ryjFM5Bs14WD66h8eGKpfaBNrHW5M=
github.com/twitchyliquid64/golang-asm v0.0.0-20190126203739-365674df15fc h1:RTUQlKzoZZVG3umWNzOYeFecQLIh+dbxXvJp1zPQJTI=
github.com/twitchyliquid64/golang-asm v0.0.0-20190126203739-365674df15fc/go.mod h1:NoCfSFWosfqMqmmD7hApkirIK9ozpHjxRnRxs1l413A=
github.com/xuperchain/wagon v0.6.1-0.20200313164333-db544e251599 h1:xh8MpzUZFmNOpeJyiiBCYOJq7gq7nRBU647y6e78Qms=
github.com/xuperchain/wagon v0.6.1-0.20200313164333-db544e251599/go.mod h1:PjShksGcTLuvtHxudQ7nOdlvlw2NdbZrTn8jvdY9Mkw=
golang.org/x/sys v0.0.0-20190306220234-b354f8bf4d9e h1:UndnRDGP/JcdZX1LBubo1fJ3Jt6GnKREteLJvysiiPE=
golang.org/x/sys v0.0.0-20190306220234-b354f8bf4d9e/go.mod h1:STP8DvDyc/dI5b8T5hshtkjS+E42TnysNCUPdjciGhY=
